
Microsoft Visual Studio Solution File, Format Version 12.00
# Visual Studio Version 16
VisualStudioVersion = 16.0.30523.141
MinimumVisualStudioVersion = 10.0.40219.1
Project("{FAE04EC0-301F-11D3-BF4B-00C04F79EFBC}") = "OOP_KR_2021_2022", "OOP_KR_2021_2022\OOP_KR_2021_2022.csproj", "{5D9C1A22-2DBB-408D-BF10-13CEE60C181E}"
EndProject
Global
	GlobalSection(SolutionConfigurationPlatforms) = preSolution
		Debug|Any CPU = Debug|Any CPU
		Release|Any CPU = Release|Any CPU
	EndGlobalSection
	GlobalSection(ProjectConfigurationPlatforms) = postSolution
		{5D9C1A22-2DBB-408D-BF10-13CEE60C181E}.Debug|Any CPU.ActiveCfg = Debug|Any CPU
		{5D9C1A22-2DBB-408D-BF10-13CEE60C181E}.Debug|Any CPU.Build.0 = Debug|Any CPU
		{5D9C1A22-2DBB-408D-BF10-13CEE60C181E}.Release|Any CPU.ActiveCfg = Release|Any CPU
		{5D9C1A22-2DBB-408D-BF10-13CEE60C181E}.Release|Any CPU.Build.0 = Release|Any CPU
	EndGlobalSection
	GlobalSection(SolutionProperties) = preSolution
		HideSolutionNode = FALSE
	EndGlobalSection
	GlobalSection(ExtensibilityGlobals) = postSolution
		SolutionGuid = {47212D51-BC66-4590-BE63-556190C29940}
	EndGlobalSection
EndGlobal
